lockfile_version: '1'
generated_at: '2026-08-11T05:51:40.772361+00:00'
apm_version: 0.10.0
dependencies:
- repo_url: shadcn-ui/ui
  host: github.com
  resolved_commit: d14b6e69a91f0fc99e31a7adb26a48d661df9911
  resolved_ref: HEAD
  virtual_path: skills/shadcn
  is_virtual: true
  package_type: claude_skill
  content_hash: sha256:8b8c1296ad947a237b32c21857837357f29197c53722131758777c80d26ed1ad
mcp_servers:
- com.figma.mcp/mcp
- playwright
mcp_configs:
  com.figma.mcp/mcp:
    name: com.figma.mcp/mcp
  playwright:
    name: playwright
    transport: stdio
    args:
    - dlx
    - '@playwright/mcp@0.0.71'
    - --output-dir
    - .playwright-mcp/artifacts
    registry: false
    command: pnpm
